<?xml version="1.0" encoding="utf-8"?>
<Project ToolsVersion="4.0" xmlns="http://schemas.microsoft.com/developer/msbuild/2003">
  <ItemGroup>
    <Filter Include="Source Files">
      <UniqueIdentifier>{4FC737F1-C7A5-4376-A066-2A32D752A2FF}</UniqueIdentifier>
      <Extensions>cpp;c;cc;cxx;c++;cppm;ixx;def;odl;idl;hpj;bat;asm;asmx</Extensions>
    </Filter>
    <Filter Include="Header Files">
      <UniqueIdentifier>{93995380-89BD-4b04-88EB-625FBE52EBFB}</UniqueIdentifier>
      <Extensions>h;hh;hpp;hxx;h++;hm;inl;inc;ipp;xsd</Extensions>
    </Filter>
    <Filter Include="Resource Files">
      <UniqueIdentifier>{67DA6AB6-F800-4c08-8B7A-83BB121AAD01}</UniqueIdentifier>
      <Extensions>rc;ico;cur;bmp;dlg;rc2;rct;bin;rgs;gif;jpg;jpeg;jpe;resx;tiff;tif;png;wav;mfcribbon-ms</Extensions>
    </Filter>
    <Filter Include="Shaders">
      <UniqueIdentifier>{a8c4bdf6-6501-48b9-b7b3-39eba5408f52}</UniqueIdentifier>
    </Filter>
    <Filter Include="Shaders\test_cube">
      <UniqueIdentifier>{3348d661-791e-4d2e-9b70-a104fe7691f4}</UniqueIdentifier>
    </Filter>
    <Filter Include="Header Files\Window">
      <UniqueIdentifier>{1dac11fb-1e6a-426f-bc18-431ed8936a50}</UniqueIdentifier>
    </Filter>
    <Filter Include="Source Files\Window">
      <UniqueIdentifier>{764e4b49-b434-4d7c-b6b2-502346dca479}</UniqueIdentifier>
    </Filter>
    <Filter Include="Header Files\3d">
      <UniqueIdentifier>{d3154996-54b1-444c-8e03-67e5f343df83}</UniqueIdentifier>
    </Filter>
    <Filter Include="Source Files\3d">
      <UniqueIdentifier>{a7a854f8-34ff-4c37-8e38-e394f694b70b}</UniqueIdentifier>
    </Filter>
    <Filter Include="Header Files\other">
      <UniqueIdentifier>{2811691d-86e1-4d5c-923f-57f9e3a3a02a}</UniqueIdentifier>
    </Filter>
    <Filter Include="Source Files\other">
      <UniqueIdentifier>{6b4e3a89-2e20-416e-865c-60a705b9ecd8}</UniqueIdentifier>
    </Filter>
  </ItemGroup>
  <ItemGroup>
    <ClCompile Include="graphic.cpp">
      <Filter>Source Files\Window</Filter>
    </ClCompile>
    <ClCompile Include="keyboard.cpp">
      <Filter>Source Files\Window</Filter>
    </ClCompile>
    <ClCompile Include="mouse.cpp">
      <Filter>Source Files\Window</Filter>
    </ClCompile>
    <ClCompile Include="window.cpp">
      <Filter>Source Files\Window</Filter>
    </ClCompile>
    <ClCompile Include="window_procedure.cpp">
      <Filter>Source Files\Window</Filter>
    </ClCompile>
    <ClCompile Include="unit.cpp">
      <Filter>Source Files\3d</Filter>
    </ClCompile>
    <ClCompile Include="model.cpp">
      <Filter>Source Files\3d</Filter>
    </ClCompile>
    <ClCompile Include="app.cpp">
      <Filter>Source Files\other</Filter>
    </ClCompile>
    <ClCompile Include="main.cpp">
      <Filter>Source Files\other</Filter>
    </ClCompile>
    <ClCompile Include="response.cpp">
      <Filter>Source Files\other</Filter>
    </ClCompile>
    <ClCompile Include="response_debug.cpp">
      <Filter>Source Files\other</Filter>
    </ClCompile>
    <ClCompile Include="throw.cpp">
      <Filter>Source Files\other</Filter>
    </ClCompile>
    <ClCompile Include="time.cpp">
      <Filter>Source Files\other</Filter>
    </ClCompile>
    <ClCompile Include="camera.cpp">
      <Filter>Source Files\3d</Filter>
    </ClCompile>
  </ItemGroup>
  <ItemGroup>
    <ClInclude Include="window.h">
      <Filter>Header Files\Window</Filter>
    </ClInclude>
    <ClInclude Include="window_procedure.h">
      <Filter>Header Files\Window</Filter>
    </ClInclude>
    <ClInclude Include="mouse.h">
      <Filter>Header Files\Window</Filter>
    </ClInclude>
    <ClInclude Include="keyboard.h">
      <Filter>Header Files\Window</Filter>
    </ClInclude>
    <ClInclude Include="graphic.h">
      <Filter>Header Files\Window</Filter>
    </ClInclude>
    <ClInclude Include="unit.h">
      <Filter>Header Files\3d</Filter>
    </ClInclude>
    <ClInclude Include="model.h">
      <Filter>Header Files\3d</Filter>
    </ClInclude>
    <ClInclude Include="app.h">
      <Filter>Header Files\other</Filter>
    </ClInclude>
    <ClInclude Include="constant.h">
      <Filter>Header Files\other</Filter>
    </ClInclude>
    <ClInclude Include="response.h">
      <Filter>Header Files\other</Filter>
    </ClInclude>
    <ClInclude Include="response_debug.h">
      <Filter>Header Files\other</Filter>
    </ClInclude>
    <ClInclude Include="throw.h">
      <Filter>Header Files\other</Filter>
    </ClInclude>
    <ClInclude Include="time.h">
      <Filter>Header Files\other</Filter>
    </ClInclude>
    <ClInclude Include="camera.h">
      <Filter>Header Files\3d</Filter>
    </ClInclude>
  </ItemGroup>
  <ItemGroup>
    <FxCompile Include="test_cube_PixelShader.hlsl">
      <Filter>Shaders\test_cube</Filter>
    </FxCompile>
    <FxCompile Include="test_cube_VertexShader.hlsl">
      <Filter>Shaders\test_cube</Filter>
    </FxCompile>
  </ItemGroup>
  <ItemGroup>
    <None Include="test_cube_PixelShader.cso">
      <Filter>Shaders\test_cube</Filter>
    </None>
    <None Include="test_cube_VertexShader.cso">
      <Filter>Shaders\test_cube</Filter>
    </None>
  </ItemGroup>
</Project>